// !$*UTF8*$!
{
	archiveVersion = 1;
	classes = {
	};
	objectVersion = 46;
	objects = {

/* Begin PBXBuildFile section */
		BFA7EB07196141D400307CEA /* Foundation.framework in Frameworks */ = {isa = PBXBuildFile; fileRef = BFA7EB06196141D400307CEA /* Foundation.framework */; };
		BFA7EB09196141D400307CEA /* CoreGraphics.framework in Frameworks */ = {isa = PBXBuildFile; fileRef = BFA7EB08196141D400307CEA /* CoreGraphics.framework */; };
		BFA7EB0B196141D400307CEA /* UIKit.framework in Frameworks */ = {isa = PBXBuildFile; fileRef = BFA7EB0A196141D400307CEA /* UIKit.framework */; };
		BFA7EB11196141D400307CEA /* InfoPlist.strings in Resources */ = {isa = PBXBuildFile; fileRef = BFA7EB0F196141D400307CEA /* InfoPlist.strings */; };
		BFA7EB13196141D400307CEA /* main.m in Sources */ = {isa = PBXBuildFile; fileRef = BFA7EB12196141D400307CEA /* main.m */; };
		BFA7EB17196141D400307CEA /* AppDelegate.m in Sources */ = {isa = PBXBuildFile; fileRef = BFA7EB16196141D400307CEA /* AppDelegate.m */; };
		BFA7EB1A196141D400307CEA /* Main.storyboard in Resources */ = {isa = PBXBuildFile; fileRef = BFA7EB18196141D400307CEA /* Main.storyboard */; };
		BFA7EB1D196141D400307CEA /* ViewController.m in Sources */ = {isa = PBXBuildFile; fileRef = BFA7EB1C196141D400307CEA /* ViewController.m */; };
		BFA7EB1F196141D400307CEA /* Images.xcassets in Resources */ = {isa = PBXBuildFile; fileRef = BFA7EB1E196141D400307CEA /* Images.xcassets */; };
		BFA7EB26196141D400307CEA /* XCTest.framework in Frameworks */ = {isa = PBXBuildFile; fileRef = BFA7EB25196141D400307CEA /* XCTest.framework */; };
		BFA7EB27196141D400307CEA /* Foundation.framework in Frameworks */ = {isa = PBXBuildFile; fileRef = BFA7EB06196141D400307CEA /* Foundation.framework */; };
		BFA7EB28196141D400307CEA /* UIKit.framework in Frameworks */ = {isa = PBXBuildFile; fileRef = BFA7EB0A196141D400307CEA /* UIKit.framework */; };
		BFA7EB30196141D400307CEA /* InfoPlist.strings in Resources */ = {isa = PBXBuildFile; fileRef = BFA7EB2E196141D400307CEA /* InfoPlist.strings */; };
		BFA7EB32196141D400307CEA /* HYSegmentControlTests.m in Sources */ = {isa = PBXBuildFile; fileRef = BFA7EB31196141D400307CEA /* HYSegmentControlTests.m */; };
		BFA7EB3D196141FC00307CEA /* HYSegmentControl.m in Sources */ = {isa = PBXBuildFile; fileRef = BFA7EB3C196141FC00307CEA /* HYSegmentControl.m */; };
/* End PBXBuildFile section */

/* Begin PBXContainerItemProxy section */
		BFA7EB29196141D400307CEA /* PBXContainerItemProxy */ = {
			isa = PBXContainerItemProxy;
			containerPortal = BFA7EAFB196141D400307CEA /* Project object */;
			proxyType = 1;
			remoteGlobalIDString = BFA7EB02196141D400307CEA;
			remoteInfo = HYSegmentControl;
		};
/* End PBXContainerItemProxy section */

/* Begin PBXFileReference section */
		BFA7EB03196141D400307CEA /* HYSegmentControl.app */ = {isa = PBXFileReference; explicitFileType = wrapper.application; includeInIndex = 0; path = HYSegmentControl.app; sourceTree = BUILT_PRODUCTS_DIR; };
		BFA7EB06196141D400307CEA /* Foundation.framework */ = {isa = PBXFileReference; lastKnownFileType = wrapper.framework; name = Foundation.framework; path = System/Library/Frameworks/Foundation.framework; sourceTree = SDKROOT; };
		BFA7EB08196141D400307CEA /* CoreGraphics.framework */ = {isa = PBXFileReference; lastKnownFileType = wrapper.framework; name = CoreGraphics.framework; path = System/Library/Frameworks/CoreGraphics.framework; sourceTree = SDKROOT; };
		BFA7EB0A196141D400307CEA /* UIKit.framework */ = {isa = PBXFileReference; lastKnownFileType = wrapper.framework; name = UIKit.framework; path = System/Library/Frameworks/UIKit.framework; sourceTree = SDKROOT; };
		BFA7EB0E196141D400307CEA /* HYSegmentControl-Info.plist */ = {isa = PBXFileReference; lastKnownFileType = text.plist.xml; path = "HYSegmentControl-Info.plist"; sourceTree = "<group>"; };
		BFA7EB10196141D400307CEA /* en */ = {isa = PBXFileReference; lastKnownFileType = text.plist.strings; name = en; path = en.lproj/InfoPlist.strings; sourceTree = "<group>"; };
		BFA7EB12196141D400307CEA /* main.m */ = {isa = PBXFileReference; lastKnownFileType = sourcecode.c.objc; path = main.m; sourceTree = "<group>"; };
		BFA7EB14196141D400307CEA /* HYSegmentControl-Prefix.pch */ = {isa = PBXFileReference; lastKnownFileType = sourcecode.c.h; path = "HYSegmentControl-Prefix.pch"; sourceTree = "<group>"; };
		BFA7EB15196141D400307CEA /* AppDelegate.h */ = {isa = PBXFileReference; lastKnownFileType = sourcecode.c.h; path = AppDelegate.h; sourceTree = "<group>"; };
		BFA7EB16196141D400307CEA /* AppDelegate.m */ = {isa = PBXFileReference; lastKnownFileType = sourcecode.c.objc; path = AppDelegate.m; sourceTree = "<group>"; };
		BFA7EB19196141D400307CEA /* Base */ = {isa = PBXFileReference; lastKnownFileType = file.storyboard; name = Base; path = Base.lproj/Main.storyboard; sourceTree = "<group>"; };
		BFA7EB1B196141D400307CEA /* ViewController.h */ = {isa = PBXFileReference; lastKnownFileType = sourcecode.c.h; path = ViewController.h; sourceTree = "<group>"; };
		BFA7EB1C196141D400307CEA /* ViewController.m */ = {isa = PBXFileReference; lastKnownFileType = sourcecode.c.objc; path = ViewController.m; sourceTree = "<group>"; };
		BFA7EB1E196141D400307CEA /* Images.xcassets */ = {isa = PBXFileReference; lastKnownFileType = folder.assetcatalog; path = Images.xcassets; sourceTree = "<group>"; };
		BFA7EB24196141D400307CEA /* HYSegmentControlTests.xctest */ = {isa = PBXFileReference; explicitFileType = wrapper.cfbundle; includeInIndex = 0; path = HYSegmentControlTests.xctest; sourceTree = BUILT_PRODUCTS_DIR; };
		BFA7EB25196141D400307CEA /* XCTest.framework */ = {isa = PBXFileReference; lastKnownFileType = wrapper.framework; name = XCTest.framework; path = Library/Frameworks/XCTest.framework; sourceTree = DEVELOPER_DIR; };
		BFA7EB2D196141D400307CEA /* HYSegmentControlTests-Info.plist */ = {isa = PBXFileReference; lastKnownFileType = text.plist.xml; path = "HYSegmentControlTests-Info.plist"; sourceTree = "<group>"; };
		BFA7EB2F196141D400307CEA /* en */ = {isa = PBXFileReference; lastKnownFileType = text.plist.strings; name = en; path = en.lproj/InfoPlist.strings; sourceTree = "<group>"; };
		BFA7EB31196141D400307CEA /* HYSegmentControlTests.m */ = {isa = PBXFileReference; lastKnownFileType = sourcecode.c.objc; path = HYSegmentControlTests.m; sourceTree = "<group>"; };
		BFA7EB3B196141FC00307CEA /* HYSegmentControl.h */ = {isa = PBXFileReference; fileEncoding = 4; lastKnownFileType = sourcecode.c.h; path = HYSegmentControl.h; sourceTree = "<group>"; };
		BFA7EB3C196141FC00307CEA /* HYSegmentControl.m */ = {isa = PBXFileReference; fileEncoding = 4; lastKnownFileType = sourcecode.c.objc; path = HYSegmentControl.m; sourceTree = "<group>"; };
/* End PBXFileReference section */

/* Begin PBXFrameworksBuildPhase section */
		BFA7EB00196141D400307CEA /* Frameworks */ = {
			isa = PBXFrameworksBuildPhase;
			buildActionMask = 2147483647;
			files = (
				BFA7EB09196141D400307CEA /* CoreGraphics.framework in Frameworks */,
				BFA7EB0B196141D400307CEA /* UIKit.framework in Frameworks */,
				BFA7EB07196141D400307CEA /* Foundation.framework in Frameworks */,
			);
			runOnlyForDeploymentPostprocessing = 0;
		};
		BFA7EB21196141D400307CEA /* Frameworks */ = {
			isa = PBXFrameworksBuildPhase;
			buildActionMask = 2147483647;
			files = (
				BFA7EB26196141D400307CEA /* XCTest.framework in Frameworks */,
				BFA7EB28196141D400307CEA /* UIKit.framework in Frameworks */,
				BFA7EB27196141D400307CEA /* Foundation.framework in Frameworks */,
			);
			runOnlyForDeploymentPostprocessing = 0;
		};
/* End PBXFrameworksBuildPhase section */

/* Begin PBXGroup section */
		BFA7EAFA196141D400307CEA = {
			isa = PBXGroup;
			children = (
				BFA7EB0C196141D400307CEA /* HYSegmentControl */,
				BFA7EB2B196141D400307CEA /* HYSegmentControlTests */,
				BFA7EB05196141D400307CEA /* Frameworks */,
				BFA7EB04196141D400307CEA /* Products */,
			);
			sourceTree = "<group>";
		};
		BFA7EB04196141D400307CEA /* Products */ = {
			isa = PBXGroup;
			children = (
				BFA7EB03196141D400307CEA /* HYSegmentControl.app */,
				BFA7EB24196141D400307CEA /* HYSegmentControlTests.xctest */,
			);
			name = Products;
			sourceTree = "<group>";
		};
		BFA7EB05196141D400307CEA /* Frameworks */ = {
			isa = PBXGroup;
			children = (
				BFA7EB06196141D400307CEA /* Foundation.framework */,
				BFA7EB08196141D400307CEA /* CoreGraphics.framework */,
				BFA7EB0A196141D400307CEA /* UIKit.framework */,
				BFA7EB25196141D400307CEA /* XCTest.framework */,
			);
			name = Frameworks;
			sourceTree = "<group>";
		};
		BFA7EB0C196141D400307CEA /* HYSegmentControl */ = {
			isa = PBXGroup;
			children = (
				BFA7EB15196141D400307CEA /* AppDelegate.h */,
				BFA7EB16196141D400307CEA /* AppDelegate.m */,
				BFA7EB18196141D400307CEA /* Main.storyboard */,
				BFA7EB1B196141D400307CEA /* ViewController.h */,
				BFA7EB1C196141D400307CEA /* ViewController.m */,
				BFA7EB3B196141FC00307CEA /* HYSegmentControl.h */,
				BFA7EB3C196141FC00307CEA /* HYSegmentControl.m */,
				BFA7EB1E196141D400307CEA /* Images.xcassets */,
				BFA7EB0D196141D400307CEA /* Supporting Files */,
			);
			path = HYSegmentControl;
			sourceTree = "<group>";
		};
		BFA7EB0D196141D400307CEA /* Supporting Files */ = {
			isa = PBXGroup;
			children = (
				BFA7EB0E196141D400307CEA /* HYSegmentControl-Info.plist */,
				BFA7EB0F196141D400307CEA /* InfoPlist.strings */,
				BFA7EB12196141D400307CEA /* main.m */,
				BFA7EB14196141D400307CEA /* HYSegmentControl-Prefix.pch */,
			);
			name = "Supporting Files";
			sourceTree = "<group>";
		};
		BFA7EB2B196141D400307CEA /* HYSegmentControlTests */ = {
			isa = PBXGroup;
			children = (
				BFA7EB31196141D400307CEA /* HYSegmentControlTests.m */,
				BFA7EB2C196141D400307CEA /* Supporting Files */,
			);
			path = HYSegmentControlTests;
			sourceTree = "<group>";
		};
		BFA7EB2C196141D400307CEA /* Supporting Files */ = {
			isa = PBXGroup;
			children = (
				BFA7EB2D196141D400307CEA /* HYSegmentControlTests-Info.plist */,
				BFA7EB2E196141D400307CEA /* InfoPlist.strings */,
			);
			name = "Supporting Files";
			sourceTree = "<group>";
		};
/* End PBXGroup section */

/* Begin PBXNativeTarget section */
		BFA7EB02196141D400307CEA /* HYSegmentControl */ = {
			isa = PBXNativeTarget;
			buildConfigurationList = BFA7EB35196141D400307CEA /* Build configuration list for PBXNativeTarget "HYSegmentControl" */;
			buildPhases = (
				BFA7EAFF196141D400307CEA /* Sources */,
				BFA7EB00196141D400307CEA /* Frameworks */,
				BFA7EB01196141D400307CEA /* Resources */,
			);
			buildRules = (
			);
			dependencies = (
			);
			name = HYSegmentControl;
			productName = HYSegmentControl;
			productReference = BFA7EB03196141D400307CEA /* HYSegmentControl.app */;
			productType = "com.apple.product-type.application";
		};
		BFA7EB23196141D400307CEA /* HYSegmentControlTests */ = {
			isa = PBXNativeTarget;
			buildConfigurationList = BFA7EB38196141D400307CEA /* Build configuration list for PBXNativeTarget "HYSegmentControlTests" */;
			buildPhases = (
				BFA7EB20196141D400307CEA /* Sources */,
				BFA7EB21196141D400307CEA /* Frameworks */,
				BFA7EB22196141D400307CEA /* Resources */,
			);
			buildRules = (
			);
			dependencies = (
				BFA7EB2A196141D400307CEA /* PBXTargetDependency */,
			);
			name = HYSegmentControlTests;
			productName = HYSegmentControlTests;
			productReference = BFA7EB24196141D400307CEA /* HYSegmentControlTests.xctest */;
			productType = "com.apple.product-type.bundle.unit-test";
		};
/* End PBXNativeTarget section */

/* Begin PBXProject section */
		BFA7EAFB196141D400307CEA /* Project object */ = {
			isa = PBXProject;
			attributes = {
				LastUpgradeCheck = 0510;
				ORGANIZATIONNAME = Shadow;
				TargetAttributes = {
					BFA7EB23196141D400307CEA = {
						TestTargetID = BFA7EB02196141D400307CEA;
					};
				};
			};
			buildConfigurationList = BFA7EAFE196141D400307CEA /* Build configuration list for PBXProject "HYSegmentControl" */;
			compatibilityVersion = "Xcode 3.2";
			developmentRegion = English;
			hasScannedForEncodings = 0;
			knownRegions = (
				en,
				Base,
			);
			mainGroup = BFA7EAFA196141D400307CEA;
			productRefGroup = BFA7EB04196141D400307CEA /* Products */;
			projectDirPath = "";
			projectRoot = "";
			targets = (
				BFA7EB02196141D400307CEA /* HYSegmentControl */,
				BFA7EB23196141D400307CEA /* HYSegmentControlTests */,
			);
		};
/* End PBXProject section */

/* Begin PBXResourcesBuildPhase section */
		BFA7EB01196141D400307CEA /* Resources */ = {
			isa = PBXResourcesBuildPhase;
			buildActionMask = 2147483647;
			files = (
				BFA7EB1F196141D400307CEA /* Images.xcassets in Resources */,
				BFA7EB11196141D400307CEA /* InfoPlist.strings in Resources */,
				BFA7EB1A196141D400307CEA /* Main.storyboard in Resources */,
			);
			runOnlyForDeploymentPostprocessing = 0;
		};
		BFA7EB22196141D400307CEA /* Resources */ = {
			isa = PBXResourcesBuildPhase;
			buildActionMask = 2147483647;
			files = (
				BFA7EB30196141D400307CEA /* InfoPlist.strings in Resources */,
			);
			runOnlyForDeploymentPostprocessing = 0;
		};
/* End PBXResourcesBuildPhase section */

/* Begin PBXSourcesBuildPhase section */
		BFA7EAFF196141D400307CEA /* Sources */ = {
			isa = PBXSourcesBuildPhase;
			buildActionMask = 2147483647;
			files = (
				BFA7EB1D196141D400307CEA /* ViewController.m in Sources */,
				BFA7EB17196141D400307CEA /* AppDelegate.m in Sources */,
				BFA7EB3D196141FC00307CEA /* HYSegmentControl.m in Sources */,
				BFA7EB13196141D400307CEA /* main.m in Sources */,
			);
			runOnlyForDeploymentPostprocessing = 0;
		};
		BFA7EB20196141D400307CEA /* Sources */ = {
			isa = PBXSourcesBuildPhase;
			buildActionMask = 2147483647;
			files = (
				BFA7EB32196141D400307CEA /* HYSegmentControlTests.m in Sources */,
			);
			runOnlyForDeploymentPostprocessing = 0;
		};
/* End PBXSourcesBuildPhase section */

/* Begin PBXTargetDependency section */
		BFA7EB2A196141D400307CEA /* PBXTargetDependency */ = {
			isa = PBXTargetDependency;
			target = BFA7EB02196141D400307CEA /* HYSegmentControl */;
			targetProxy = BFA7EB29196141D400307CEA /* PBXContainerItemProxy */;
		};
/* End PBXTargetDependency section */

/* Begin PBXVariantGroup section */
		BFA7EB0F196141D400307CEA /* InfoPlist.strings */ = {
			isa = PBXVariantGroup;
			children = (
				BFA7EB10196141D400307CEA /* en */,
			);
			name = InfoPlist.strings;
			sourceTree = "<group>";
		};
		BFA7EB18196141D400307CEA /* Main.storyboard */ = {
			isa = PBXVariantGroup;
			children = (
				BFA7EB19196141D400307CEA /* Base */,
			);
			name = Main.storyboard;
			sourceTree = "<group>";
		};
		BFA7EB2E196141D400307CEA /* InfoPlist.strings */ = {
			isa = PBXVariantGroup;
			children = (
				BFA7EB2F196141D400307CEA /* en */,
			);
			name = InfoPlist.strings;
			sourceTree = "<group>";
		};
/* End PBXVariantGroup section */

/* Begin XCBuildConfiguration section */
		BFA7EB33196141D400307CEA /* Debug */ = {
			isa = XCBuildConfiguration;
			buildSettings = {
				ALWAYS_SEARCH_USER_PATHS = NO;
				CLANG_CXX_LANGUAGE_STANDARD = "gnu++0x";
				CLANG_CXX_LIBRARY = "libc++";
				CLANG_ENABLE_MODULES = YES;
				CLANG_ENABLE_OBJC_ARC = YES;
				CLANG_WARN_BOOL_CONVERSION = YES;
				CLANG_WARN_CONSTANT_CONVERSION = YES;
				CLANG_WARN_DIRECT_OBJC_ISA_USAGE = YES_ERROR;
				CLANG_WARN_EMPTY_BODY = YES;
				CLANG_WARN_ENUM_CONVERSION = YES;
				CLANG_WARN_INT_CONVERSION = YES;
				CLANG_WARN_OBJC_ROOT_CLASS = YES_ERROR;
				CLANG_WARN__DUPLICATE_METHOD_MATCH = YES;
				"CODE_SIGN_IDENTITY[sdk=iphoneos*]" = "iPhone Developer";
				COPY_PHASE_STRIP = NO;
				GCC_C_LANGUAGE_STANDARD = gnu99;
				GCC_DYNAMIC_NO_PIC = NO;
				GCC_OPTIMIZATION_LEVEL = 0;
				GCC_PREPROCESSOR_DEFINITIONS = (
					"DEBUG=1",
					"$(inherited)",
				);
				GCC_SYMBOLS_PRIVATE_EXTERN = NO;
				GCC_WARN_64_TO_32_BIT_CONVERSION = YES;
				GCC_WARN_ABOUT_RETURN_TYPE = YES_ERROR;
				GCC_WARN_UNDECLARED_SELECTOR = YES;
				GCC_WARN_UNINITIALIZED_AUTOS = YES_AGGRESSIVE;
				GCC_WARN_UNUSED_FUNCTION = YES;
				GCC_WARN_UNUSED_VARIABLE = YES;
				IPHONEOS_DEPLOYMENT_TARGET = 7.1;
				ONLY_ACTIVE_ARCH = YES;
				SDKROOT = iphoneos;
			};
			name = Debug;
		};
		BFA7EB34196141D400307CEA /* Release */ = {
			isa = XCBuildConfiguration;
			buildSettings = {
				ALWAYS_SEARCH_USER_PATHS = NO;
				CLANG_CXX_LANGUAGE_STANDARD = "gnu++0x";
				CLANG_CXX_LIBRARY = "libc++";
				CLANG_ENABLE_MODULES = YES;
				CLANG_ENABLE_OBJC_ARC = YES;
				CLANG_WARN_BOOL_CONVERSION = YES;
				CLANG_WARN_CONSTANT_CONVERSION = YES;
				CLANG_WARN_DIRECT_OBJC_ISA_USAGE = YES_ERROR;
				CLANG_WARN_EMPTY_BODY = YES;
				CLANG_WARN_ENUM_CONVERSION = YES;
				CLANG_WARN_INT_CONVERSION = YES;
				CLANG_WARN_OBJC_ROOT_CLASS = YES_ERROR;
				CLANG_WARN__DUPLICATE_METHOD_MATCH = YES;
				"CODE_SIGN_IDENTITY[sdk=iphoneos*]" = "iPhone Developer";
				COPY_PHASE_STRIP = YES;
				ENABLE_NS_ASSERTIONS = NO;
				GCC_C_LANGUAGE_STANDARD = gnu99;
				GCC_WARN_64_TO_32_BIT_CONVERSION = YES;
				GCC_WARN_ABOUT_RETURN_TYPE = YES_ERROR;
				GCC_WARN_UNDECLARED_SELECTOR = YES;
				GCC_WARN_UNINITIALIZED_AUTOS = YES_AGGRESSIVE;
				GCC_WARN_UNUSED_FUNCTION = YES;
				GCC_WARN_UNUSED_VARIABLE = YES;
				IPHONEOS_DEPLOYMENT_TARGET = 7.1;
				SDKROOT = iphoneos;
				VALIDATE_PRODUCT = YES;
			};
			name = Release;
		};
		BFA7EB36196141D400307CEA /* Debug */ = {
			isa = XCBuildConfiguration;
			buildSettings = {
				ASSETCATALOG_COMPILER_APPICON_NAME = AppIcon;
				ASSETCATALOG_COMPILER_LAUNCHIMAGE_NAME = LaunchImage;
				GCC_PRECOMPILE_PREFIX_HEADER = YES;
				GCC_PREFIX_HEADER = "HYSegmentControl/HYSegmentControl-Prefix.pch";
				INFOPLIST_FILE = "HYSegmentControl/HYSegmentControl-Info.plist";
				PRODUCT_NAME = "$(TARGET_NAME)";
				WRAPPER_EXTENSION = app;
			};
			name = Debug;
		};
		BFA7EB37196141D400307CEA /* Release */ = {
			isa = XCBuildConfiguration;
			buildSettings = {
				ASSETCATALOG_COMPILER_APPICON_NAME = AppIcon;
				ASSETCATALOG_COMPILER_LAUNCHIMAGE_NAME = LaunchImage;
				GCC_PRECOMPILE_PREFIX_HEADER = YES;
				GCC_PREFIX_HEADER = "HYSegmentControl/HYSegmentControl-Prefix.pch";
				INFOPLIST_FILE = "HYSegmentControl/HYSegmentControl-Info.plist";
				PRODUCT_NAME = "$(TARGET_NAME)";
				WRAPPER_EXTENSION = app;
			};
			name = Release;
		};
		BFA7EB39196141D400307CEA /* Debug */ = {
			isa = XCBuildConfiguration;
			buildSettings = {
				BUNDLE_LOADER = "$(BUILT_PRODUCTS_DIR)/HYSegmentControl.app/HYSegmentControl";
				FRAMEWORK_SEARCH_PATHS = (
					"$(SDKROOT)/Developer/Library/Frameworks",
					"$(inherited)",
					"$(DEVELOPER_FRAMEWORKS_DIR)",
				);
				GCC_PRECOMPILE_PREFIX_HEADER = YES;
				GCC_PREFIX_HEADER = "HYSegmentControl/HYSegmentControl-Prefix.pch";
				GCC_PREPROCESSOR_DEFINITIONS = (
					"DEBUG=1",
					"$(inherited)",
				);
				INFOPLIST_FILE = "HYSegmentControlTests/HYSegmentControlTests-Info.plist";
				PRODUCT_NAME = "$(TARGET_NAME)";
				TEST_HOST = "$(BUNDLE_LOADER)";
				WRAPPER_EXTENSION = xctest;
			};
			name = Debug;
		};
		BFA7EB3A196141D400307CEA /* Release */ = {
			isa = XCBuildConfiguration;
			buildSettings = {
				BUNDLE_LOADER = "$(BUILT_PRODUCTS_DIR)/HYSegmentControl.app/HYSegmentControl";
				FRAMEWORK_SEARCH_PATHS = (
					"$(SDKROOT)/Developer/Library/Frameworks",
					"$(inherited)",
					"$(DEVELOPER_FRAMEWORKS_DIR)",
				);
				GCC_PRECOMPILE_PREFIX_HEADER = YES;
				GCC_PREFIX_HEADER = "HYSegmentControl/HYSegmentControl-Prefix.pch";
				INFOPLIST_FILE = "HYSegmentControlTests/HYSegmentControlTests-Info.plist";
				PRODUCT_NAME = "$(TARGET_NAME)";
				TEST_HOST = "$(BUNDLE_LOADER)";
				WRAPPER_EXTENSION = xctest;
			};
			name = Release;
		};
/* End XCBuildConfiguration section */

/* Begin XCConfigurationList section */
		BFA7EAFE196141D400307CEA /* Build configuration list for PBXProject "HYSegmentControl" */ = {
			isa = XCConfigurationList;
			buildConfigurations = (
				BFA7EB33196141D400307CEA /* Debug */,
				BFA7EB34196141D400307CEA /* Release */,
			);
			defaultConfigurationIsVisible = 0;
			defaultConfigurationName = Release;
		};
		BFA7EB35196141D400307CEA /* Build configuration list for PBXNativeTarget "HYSegmentControl" */ = {
			isa = XCConfigurationList;
			buildConfigurations = (
				BFA7EB36196141D400307CEA /* Debug */,
				BFA7EB37196141D400307CEA /* Release */,
			);
			defaultConfigurationIsVisible = 0;
			defaultConfigurationName = Release;
		};
		BFA7EB38196141D400307CEA /* Build configuration list for PBXNativeTarget "HYSegmentControlTests" */ = {
			isa = XCConfigurationList;
			buildConfigurations = (
				BFA7EB39196141D400307CEA /* Debug */,
				BFA7EB3A196141D400307CEA /* Release */,
			);
			defaultConfigurationIsVisible = 0;
			defaultConfigurationName = Release;
		};
/* End XCConfigurationList section */
	};
	rootObject = BFA7EAFB196141D400307CEA /* Project object */;
}
